
Microsoft Visual Studio Solution File, Format Version 12.00
# Visual Studio 15
VisualStudioVersion = 15.0.28307.1433
MinimumVisualStudioVersion = 10.0.40219.1
Project("{8BC9CEB8-8B4A-11D0-8D11-00A0C91BC942}") = "LuriMotion_StandAlone", "LuriMotion_StandAlone\LuriMotion_StandAlone.vcxproj", "{7EFFB4D8-85D6-4BDE-A71E-BB7341F6E15C}"
	ProjectSection(ProjectDependencies) = postProject
		{797E6A46-2B33-47EF-A37F-6093E845C7D8} = {797E6A46-2B33-47EF-A37F-6093E845C7D8}
		{BCDB7360-84CD-4911-8F47-EADFE7F4C33B} = {BCDB7360-84CD-4911-8F47-EADFE7F4C33B}
	EndProjectSection
EndProject
Project("{8BC9CEB8-8B4A-11D0-8D11-00A0C91BC942}") = "LT_Serial", "LT_Serial\LT_Serial.vcxproj", "{BCDB7360-84CD-4911-8F47-EADFE7F4C33B}"
EndProject
Project("{8BC9CEB8-8B4A-11D0-8D11-00A0C91BC942}") = "Common", "Common\Common.vcxproj", "{797E6A46-2B33-47EF-A37F-6093E845C7D8}"
EndProject
Global
	GlobalSection(SolutionConfigurationPlatforms) = preSolution
		Debug_Intrinsic_Cal|x64 = Debug_Intrinsic_Cal|x64
		Debug_Intrinsic_Cal|x86 = Debug_Intrinsic_Cal|x86
		Debug_OQC_Single|x64 = Debug_OQC_Single|x64
		Debug_OQC_Single|x86 = Debug_OQC_Single|x86
		Debug_OQC_Wide|x64 = Debug_OQC_Wide|x64
		Debug_OQC_Wide|x86 = Debug_OQC_Wide|x86
		Debug|x64 = Debug|x64
		Debug|x86 = Debug|x86
		Release_Intrinsic_Cal|x64 = Release_Intrinsic_Cal|x64
		Release_Intrinsic_Cal|x86 = Release_Intrinsic_Cal|x86
		Release_OQC_Single|x64 = Release_OQC_Single|x64
		Release_OQC_Single|x86 = Release_OQC_Single|x86
		Release_OQC_Wide|x64 = Release_OQC_Wide|x64
		Release_OQC_Wide|x86 = Release_OQC_Wide|x86
		Release|x64 = Release|x64
		Release|x86 = Release|x86
		Unicode Debug|x64 = Unicode Debug|x64
		Unicode Debug|x86 = Unicode Debug|x86
		Unicode Release|x64 = Unicode Release|x64
		Unicode Release|x86 = Unicode Release|x86
	EndGlobalSection
	GlobalSection(ProjectConfigurationPlatforms) = postSolution
		{7EFFB4D8-85D6-4BDE-A71E-BB7341F6E15C}.Debug_Intrinsic_Cal|x64.ActiveCfg = Debug_Intrinsic_Cal|x64
		{7EFFB4D8-85D6-4BDE-A71E-BB7341F6E15C}.Debug_Intrinsic_Cal|x64.Build.0 = Debug_Intrinsic_Cal|x64
		{7EFFB4D8-85D6-4BDE-A71E-BB7341F6E15C}.Debug_Intrinsic_Cal|x86.ActiveCfg = Debug_Intrinsic_Cal|Win32
		{7EFFB4D8-85D6-4BDE-A71E-BB7341F6E15C}.Debug_Intrinsic_Cal|x86.Build.0 = Debug_Intrinsic_Cal|Win32
		{7EFFB4D8-85D6-4BDE-A71E-BB7341F6E15C}.Debug_OQC_Single|x64.ActiveCfg = Debug_OQC_Single|x64
		{7EFFB4D8-85D6-4BDE-A71E-BB7341F6E15C}.Debug_OQC_Single|x64.Build.0 = Debug_OQC_Single|x64
		{7EFFB4D8-85D6-4BDE-A71E-BB7341F6E15C}.Debug_OQC_Single|x86.ActiveCfg = Debug_OQC_Single|Win32
		{7EFFB4D8-85D6-4BDE-A71E-BB7341F6E15C}.Debug_OQC_Single|x86.Build.0 = Debug_OQC_Single|Win32
		{7EFFB4D8-85D6-4BDE-A71E-BB7341F6E15C}.Debug_OQC_Wide|x64.ActiveCfg = Debug_OQC_Wide|x64
		{7EFFB4D8-85D6-4BDE-A71E-BB7341F6E15C}.Debug_OQC_Wide|x64.Build.0 = Debug_OQC_Wide|x64
		{7EFFB4D8-85D6-4BDE-A71E-BB7341F6E15C}.Debug_OQC_Wide|x86.ActiveCfg = Debug_OQC_Wide|Win32
		{7EFFB4D8-85D6-4BDE-A71E-BB7341F6E15C}.Debug_OQC_Wide|x86.Build.0 = Debug_OQC_Wide|Win32
		{7EFFB4D8-85D6-4BDE-A71E-BB7341F6E15C}.Debug|x64.ActiveCfg = Debug|x64
		{7EFFB4D8-85D6-4BDE-A71E-BB7341F6E15C}.Debug|x64.Build.0 = Debug|x64
		{7EFFB4D8-85D6-4BDE-A71E-BB7341F6E15C}.Debug|x86.ActiveCfg = Debug|Win32
		{7EFFB4D8-85D6-4BDE-A71E-BB7341F6E15C}.Debug|x86.Build.0 = Debug|Win32
		{7EFFB4D8-85D6-4BDE-A71E-BB7341F6E15C}.Release_Intrinsic_Cal|x64.ActiveCfg = Release_Intrinsic_Cal|x64
		{7EFFB4D8-85D6-4BDE-A71E-BB7341F6E15C}.Release_Intrinsic_Cal|x64.Build.0 = Release_Intrinsic_Cal|x64
		{7EFFB4D8-85D6-4BDE-A71E-BB7341F6E15C}.Release_Intrinsic_Cal|x86.ActiveCfg = Release_Intrinsic_Cal|Win32
		{7EFFB4D8-85D6-4BDE-A71E-BB7341F6E15C}.Release_Intrinsic_Cal|x86.Build.0 = Release_Intrinsic_Cal|Win32
		{7EFFB4D8-85D6-4BDE-A71E-BB7341F6E15C}.Release_OQC_Single|x64.ActiveCfg = Release_OQC_Single|x64
		{7EFFB4D8-85D6-4BDE-A71E-BB7341F6E15C}.Release_OQC_Single|x64.Build.0 = Release_OQC_Single|x64
		{7EFFB4D8-85D6-4BDE-A71E-BB7341F6E15C}.Release_OQC_Single|x86.ActiveCfg = Release_OQC_Single|Win32
		{7EFFB4D8-85D6-4BDE-A71E-BB7341F6E15C}.Release_OQC_Single|x86.Build.0 = Release_OQC_Single|Win32
		{7EFFB4D8-85D6-4BDE-A71E-BB7341F6E15C}.Release_OQC_Wide|x64.ActiveCfg = Release_OQC_Wide|x64
		{7EFFB4D8-85D6-4BDE-A71E-BB7341F6E15C}.Release_OQC_Wide|x64.Build.0 = Release_OQC_Wide|x64
		{7EFFB4D8-85D6-4BDE-A71E-BB7341F6E15C}.Release_OQC_Wide|x86.ActiveCfg = Release_OQC_Wide|Win32
		{7EFFB4D8-85D6-4BDE-A71E-BB7341F6E15C}.Release_OQC_Wide|x86.Build.0 = Release_OQC_Wide|Win32
		{7EFFB4D8-85D6-4BDE-A71E-BB7341F6E15C}.Release|x64.ActiveCfg = Release|x64
		{7EFFB4D8-85D6-4BDE-A71E-BB7341F6E15C}.Release|x64.Build.0 = Release|x64
		{7EFFB4D8-85D6-4BDE-A71E-BB7341F6E15C}.Release|x86.ActiveCfg = Release|Win32
		{7EFFB4D8-85D6-4BDE-A71E-BB7341F6E15C}.Release|x86.Build.0 = Release|Win32
		{7EFFB4D8-85D6-4BDE-A71E-BB7341F6E15C}.Unicode Debug|x64.ActiveCfg = Unicode Debug|x64
		{7EFFB4D8-85D6-4BDE-A71E-BB7341F6E15C}.Unicode Debug|x64.Build.0 = Unicode Debug|x64
		{7EFFB4D8-85D6-4BDE-A71E-BB7341F6E15C}.Unicode Debug|x86.ActiveCfg = Unicode Debug|Win32
		{7EFFB4D8-85D6-4BDE-A71E-BB7341F6E15C}.Unicode Debug|x86.Build.0 = Unicode Debug|Win32
		{7EFFB4D8-85D6-4BDE-A71E-BB7341F6E15C}.Unicode Release|x64.ActiveCfg = Unicode Release|x64
		{7EFFB4D8-85D6-4BDE-A71E-BB7341F6E15C}.Unicode Release|x64.Build.0 = Unicode Release|x64
		{7EFFB4D8-85D6-4BDE-A71E-BB7341F6E15C}.Unicode Release|x86.ActiveCfg = Unicode Release|Win32
		{7EFFB4D8-85D6-4BDE-A71E-BB7341F6E15C}.Unicode Release|x86.Build.0 = Unicode Release|Win32
		{BCDB7360-84CD-4911-8F47-EADFE7F4C33B}.Debug_Intrinsic_Cal|x64.ActiveCfg = Debug|x64
		{BCDB7360-84CD-4911-8F47-EADFE7F4C33B}.Debug_Intrinsic_Cal|x64.Build.0 = Debug|x64
		{BCDB7360-84CD-4911-8F47-EADFE7F4C33B}.Debug_Intrinsic_Cal|x86.ActiveCfg = Debug|Win32
		{BCDB7360-84CD-4911-8F47-EADFE7F4C33B}.Debug_Intrinsic_Cal|x86.Build.0 = Debug|Win32
		{BCDB7360-84CD-4911-8F47-EADFE7F4C33B}.Debug_OQC_Single|x64.ActiveCfg = Debug|x64
		{BCDB7360-84CD-4911-8F47-EADFE7F4C33B}.Debug_OQC_Single|x64.Build.0 = Debug|x64
		{BCDB7360-84CD-4911-8F47-EADFE7F4C33B}.Debug_OQC_Single|x86.ActiveCfg = Debug|Win32
		{BCDB7360-84CD-4911-8F47-EADFE7F4C33B}.Debug_OQC_Single|x86.Build.0 = Debug|Win32
		{BCDB7360-84CD-4911-8F47-EADFE7F4C33B}.Debug_OQC_Wide|x64.ActiveCfg = Debug|x64
		{BCDB7360-84CD-4911-8F47-EADFE7F4C33B}.Debug_OQC_Wide|x64.Build.0 = Debug|x64
		{BCDB7360-84CD-4911-8F47-EADFE7F4C33B}.Debug_OQC_Wide|x86.ActiveCfg = Debug|Win32
		{BCDB7360-84CD-4911-8F47-EADFE7F4C33B}.Debug_OQC_Wide|x86.Build.0 = Debug|Win32
		{BCDB7360-84CD-4911-8F47-EADFE7F4C33B}.Debug|x64.ActiveCfg = Debug|x64
		{BCDB7360-84CD-4911-8F47-EADFE7F4C33B}.Debug|x64.Build.0 = Debug|x64
		{BCDB7360-84CD-4911-8F47-EADFE7F4C33B}.Debug|x86.ActiveCfg = Debug|Win32
		{BCDB7360-84CD-4911-8F47-EADFE7F4C33B}.Debug|x86.Build.0 = Debug|Win32
		{BCDB7360-84CD-4911-8F47-EADFE7F4C33B}.Release_Intrinsic_Cal|x64.ActiveCfg = Release|x64
		{BCDB7360-84CD-4911-8F47-EADFE7F4C33B}.Release_Intrinsic_Cal|x64.Build.0 = Release|x64
		{BCDB7360-84CD-4911-8F47-EADFE7F4C33B}.Release_Intrinsic_Cal|x86.ActiveCfg = Release|Win32
		{BCDB7360-84CD-4911-8F47-EADFE7F4C33B}.Release_Intrinsic_Cal|x86.Build.0 = Release|Win32
		{BCDB7360-84CD-4911-8F47-EADFE7F4C33B}.Release_OQC_Single|x64.ActiveCfg = Release|x64
		{BCDB7360-84CD-4911-8F47-EADFE7F4C33B}.Release_OQC_Single|x64.Build.0 = Release|x64
		{BCDB7360-84CD-4911-8F47-EADFE7F4C33B}.Release_OQC_Single|x86.ActiveCfg = Release|Win32
		{BCDB7360-84CD-4911-8F47-EADFE7F4C33B}.Release_OQC_Single|x86.Build.0 = Release|Win32
		{BCDB7360-84CD-4911-8F47-EADFE7F4C33B}.Release_OQC_Wide|x64.ActiveCfg = Release|x64
		{BCDB7360-84CD-4911-8F47-EADFE7F4C33B}.Release_OQC_Wide|x64.Build.0 = Release|x64
		{BCDB7360-84CD-4911-8F47-EADFE7F4C33B}.Release_OQC_Wide|x86.ActiveCfg = Release|Win32
		{BCDB7360-84CD-4911-8F47-EADFE7F4C33B}.Release_OQC_Wide|x86.Build.0 = Release|Win32
		{BCDB7360-84CD-4911-8F47-EADFE7F4C33B}.Release|x64.ActiveCfg = Release|x64
		{BCDB7360-84CD-4911-8F47-EADFE7F4C33B}.Release|x64.Build.0 = Release|x64
		{BCDB7360-84CD-4911-8F47-EADFE7F4C33B}.Release|x86.ActiveCfg = Release|Win32
		{BCDB7360-84CD-4911-8F47-EADFE7F4C33B}.Release|x86.Build.0 = Release|Win32
		{BCDB7360-84CD-4911-8F47-EADFE7F4C33B}.Unicode Debug|x64.ActiveCfg = Unicode Debug|x64
		{BCDB7360-84CD-4911-8F47-EADFE7F4C33B}.Unicode Debug|x64.Build.0 = Unicode Debug|x64
		{BCDB7360-84CD-4911-8F47-EADFE7F4C33B}.Unicode Debug|x86.ActiveCfg = Unicode Debug|Win32
		{BCDB7360-84CD-4911-8F47-EADFE7F4C33B}.Unicode Debug|x86.Build.0 = Unicode Debug|Win32
		{BCDB7360-84CD-4911-8F47-EADFE7F4C33B}.Unicode Release|x64.ActiveCfg = Unicode Release|x64
		{BCDB7360-84CD-4911-8F47-EADFE7F4C33B}.Unicode Release|x64.Build.0 = Unicode Release|x64
		{BCDB7360-84CD-4911-8F47-EADFE7F4C33B}.Unicode Release|x86.ActiveCfg = Unicode Release|Win32
		{BCDB7360-84CD-4911-8F47-EADFE7F4C33B}.Unicode Release|x86.Build.0 = Unicode Release|Win32
		{797E6A46-2B33-47EF-A37F-6093E845C7D8}.Debug_Intrinsic_Cal|x64.ActiveCfg = Debug|x64
		{797E6A46-2B33-47EF-A37F-6093E845C7D8}.Debug_Intrinsic_Cal|x64.Build.0 = Debug|x64
		{797E6A46-2B33-47EF-A37F-6093E845C7D8}.Debug_Intrinsic_Cal|x86.ActiveCfg = Debug|Win32
		{797E6A46-2B33-47EF-A37F-6093E845C7D8}.Debug_Intrinsic_Cal|x86.Build.0 = Debug|Win32
		{797E6A46-2B33-47EF-A37F-6093E845C7D8}.Debug_OQC_Single|x64.ActiveCfg = Debug|x64
		{797E6A46-2B33-47EF-A37F-6093E845C7D8}.Debug_OQC_Single|x64.Build.0 = Debug|x64
		{797E6A46-2B33-47EF-A37F-6093E845C7D8}.Debug_OQC_Single|x86.ActiveCfg = Debug|Win32
		{797E6A46-2B33-47EF-A37F-6093E845C7D8}.Debug_OQC_Single|x86.Build.0 = Debug|Win32
		{797E6A46-2B33-47EF-A37F-6093E845C7D8}.Debug_OQC_Wide|x64.ActiveCfg = Debug|x64
		{797E6A46-2B33-47EF-A37F-6093E845C7D8}.Debug_OQC_Wide|x64.Build.0 = Debug|x64
		{797E6A46-2B33-47EF-A37F-6093E845C7D8}.Debug_OQC_Wide|x86.ActiveCfg = Debug|Win32
		{797E6A46-2B33-47EF-A37F-6093E845C7D8}.Debug_OQC_Wide|x86.Build.0 = Debug|Win32
		{797E6A46-2B33-47EF-A37F-6093E845C7D8}.Debug|x64.ActiveCfg = Debug|x64
		{797E6A46-2B33-47EF-A37F-6093E845C7D8}.Debug|x64.Build.0 = Debug|x64
		{797E6A46-2B33-47EF-A37F-6093E845C7D8}.Debug|x86.ActiveCfg = Debug|Win32
		{797E6A46-2B33-47EF-A37F-6093E845C7D8}.Debug|x86.Build.0 = Debug|Win32
		{797E6A46-2B33-47EF-A37F-6093E845C7D8}.Release_Intrinsic_Cal|x64.ActiveCfg = Release|x64
		{797E6A46-2B33-47EF-A37F-6093E845C7D8}.Release_Intrinsic_Cal|x64.Build.0 = Release|x64
		{797E6A46-2B33-47EF-A37F-6093E845C7D8}.Release_Intrinsic_Cal|x86.ActiveCfg = Release|Win32
		{797E6A46-2B33-47EF-A37F-6093E845C7D8}.Release_Intrinsic_Cal|x86.Build.0 = Release|Win32
		{797E6A46-2B33-47EF-A37F-6093E845C7D8}.Release_OQC_Single|x64.ActiveCfg = Release|x64
		{797E6A46-2B33-47EF-A37F-6093E845C7D8}.Release_OQC_Single|x64.Build.0 = Release|x64
		{797E6A46-2B33-47EF-A37F-6093E845C7D8}.Release_OQC_Single|x86.ActiveCfg = Release|Win32
		{797E6A46-2B33-47EF-A37F-6093E845C7D8}.Release_OQC_Single|x86.Build.0 = Release|Win32
		{797E6A46-2B33-47EF-A37F-6093E845C7D8}.Release_OQC_Wide|x64.ActiveCfg = Release|x64
		{797E6A46-2B33-47EF-A37F-6093E845C7D8}.Release_OQC_Wide|x64.Build.0 = Release|x64
		{797E6A46-2B33-47EF-A37F-6093E845C7D8}.Release_OQC_Wide|x86.ActiveCfg = Release|Win32
		{797E6A46-2B33-47EF-A37F-6093E845C7D8}.Release_OQC_Wide|x86.Build.0 = Release|Win32
		{797E6A46-2B33-47EF-A37F-6093E845C7D8}.Release|x64.ActiveCfg = Release|x64
		{797E6A46-2B33-47EF-A37F-6093E845C7D8}.Release|x64.Build.0 = Release|x64
		{797E6A46-2B33-47EF-A37F-6093E845C7D8}.Release|x86.ActiveCfg = Release|Win32
		{797E6A46-2B33-47EF-A37F-6093E845C7D8}.Release|x86.Build.0 = Release|Win32
		{797E6A46-2B33-47EF-A37F-6093E845C7D8}.Unicode Debug|x64.ActiveCfg = Unicode Debug|x64
		{797E6A46-2B33-47EF-A37F-6093E845C7D8}.Unicode Debug|x64.Build.0 = Unicode Debug|x64
		{797E6A46-2B33-47EF-A37F-6093E845C7D8}.Unicode Debug|x86.ActiveCfg = Unicode Debug|Win32
		{797E6A46-2B33-47EF-A37F-6093E845C7D8}.Unicode Debug|x86.Build.0 = Unicode Debug|Win32
		{797E6A46-2B33-47EF-A37F-6093E845C7D8}.Unicode Release|x64.ActiveCfg = Unicode Release|x64
		{797E6A46-2B33-47EF-A37F-6093E845C7D8}.Unicode Release|x64.Build.0 = Unicode Release|x64
		{797E6A46-2B33-47EF-A37F-6093E845C7D8}.Unicode Release|x86.ActiveCfg = Unicode Release|Win32
		{797E6A46-2B33-47EF-A37F-6093E845C7D8}.Unicode Release|x86.Build.0 = Unicode Release|Win32
	EndGlobalSection
	GlobalSection(SolutionProperties) = preSolution
		HideSolutionNode = FALSE
	EndGlobalSection
	GlobalSection(ExtensibilityGlobals) = postSolution
		SolutionGuid = {94AFF4CA-9C06-4FA6-BFBF-AD72FC4A30D3}
	EndGlobalSection
EndGlobal
